{
  "name": "tip-899-conformance",
  "version": "0.1.0",
  "lockfileVersion": 3,
  "requires": true,
  "packages": {
    "": {
      "name": "tip-899-conformance",
      "version": "0.1.0",
      "dependencies": {
        "js-sha3": "0.13.0",
        "protobufjs": "8.8.0"
      }
    },
    "node_modules/js-sha3": {
      "version": "0.13.0",
      "resolved": "https://registry.npmjs.org/js-sha3/-/js-sha3-0.13.0.tgz",
      "integrity": "sha512-v2qy9Guw8XMOYFauObtG1kXLfut7AcSRgBP2rq4R14gVFAO2fW5kjcHcPWkA2IUDbY0cGGZypDMUuP/kkbvNGw==",
      "license": "MIT"
    },
    "node_modules/long": {
      "version": "5.3.2",
      "resolved": "https://registry.npmjs.org/long/-/long-5.3.2.tgz",
      "integrity": "sha512-mNAgZ1GmyNhD7AuqnTG3/VQ26o760+ZYBPKjPvugO8+nLbYfX6TVpJPseBvopbdY+qpZ/lKUnmEc1LeZYS3QAA==",
      "license": "Apache-2.0"
    },
    "node_modules/protobufjs": {
      "version": "8.8.0",
      "resolved": "https://registry.npmjs.org/protobufjs/-/protobufjs-8.8.0.tgz",
      "integrity": "sha512-N3xhQ5yyBx3vQq4gubBfASzYhJGNzeDbjqBpu61g7UVylsN/qyffU96TKWD3GbbLOKF82VGNRNvv1+BFgE31Eg==",
      "license": "BSD-3-Clause",
      "dependencies": {
        "long": "^5.3.2"
      },
      "engines": {
        "node": ">=12.0.0"
      }
    }
  }
}
